
Microsoft Visual Studio Solution File, Format Version 12.00
# Visual Studio Version 17
VisualStudioVersion = 17.9.34728.123
MinimumVisualStudioVersion = 10.0.40219.1
Project("{FAE04EC0-301F-11D3-BF4B-00C04F79EFBC}") = "RedisHelper", "RedisHelper\RedisHelper.csproj", "{0DDAB3E7-3733-411E-A713-CED2AE16B640}"
EndProject
Project("{FAE04EC0-301F-11D3-BF4B-00C04F79EFBC}") = "RedisHelper.WebApi", "RedisHelper.WebApi\RedisHelper.WebApi.csproj", "{A50AD198-7F28-44BD-896D-BA256D5BA8B4}"
EndProject
Global
	GlobalSection(SolutionConfigurationPlatforms) = preSolution
		Debug|Any CPU = Debug|Any CPU
		Release|Any CPU = Release|Any CPU
	EndGlobalSection
	GlobalSection(ProjectConfigurationPlatforms) = postSolution
		{0DDAB3E7-3733-411E-A713-CED2AE16B640}.Debug|Any CPU.ActiveCfg = Debug|Any CPU
		{0DDAB3E7-3733-411E-A713-CED2AE16B640}.Debug|Any CPU.Build.0 = Debug|Any CPU
		{0DDAB3E7-3733-411E-A713-CED2AE16B640}.Release|Any CPU.ActiveCfg = Release|Any CPU
		{0DDAB3E7-3733-411E-A713-CED2AE16B640}.Release|Any CPU.Build.0 = Release|Any CPU
		{A50AD198-7F28-44BD-896D-BA256D5BA8B4}.Debug|Any CPU.ActiveCfg = Debug|Any CPU
		{A50AD198-7F28-44BD-896D-BA256D5BA8B4}.Debug|Any CPU.Build.0 = Debug|Any CPU
		{A50AD198-7F28-44BD-896D-BA256D5BA8B4}.Release|Any CPU.ActiveCfg = Release|Any CPU
		{A50AD198-7F28-44BD-896D-BA256D5BA8B4}.Release|Any CPU.Build.0 = Release|Any CPU
	EndGlobalSection
	GlobalSection(SolutionProperties) = preSolution
		HideSolutionNode = FALSE
	EndGlobalSection
	GlobalSection(ExtensibilityGlobals) = postSolution
		SolutionGuid = {E7C0DCE6-95CD-495A-AC21-472E5E9366FE}
	EndGlobalSection
EndGlobal
